
Microsoft Visual Studio Solution File, Format Version 11.00
# Visual Studio 2010
Project("{FAE04EC0-301F-11D3-BF4B-00C04F79EFBC}") = "Assembly-CSharp", "Assembly-CSharp.csproj", "{66C89E85-18D1-B66D-0090-F74747AE63AA}"
EndProject
Project("{FAE04EC0-301F-11D3-BF4B-00C04F79EFBC}") = "Assembly-CSharp-firstpass", "Assembly-CSharp-firstpass.csproj", "{5821166F-20EB-A696-769A-BF05396B7570}"
EndProject
Project("{FAE04EC0-301F-11D3-BF4B-00C04F79EFBC}") = "Assembly-CSharp-Editor", "Assembly-CSharp-Editor.csproj", "{3A200024-DCDE-7368-61E8-9AF7EAA61FED}"
EndProject
Project("{FAE04EC0-301F-11D3-BF4B-00C04F79EFBC}") = "Assembly-CSharp-Editor-firstpass", "Assembly-CSharp-Editor-firstpass.csproj", "{142912CC-AA50-2D1B-BB0D-3A6B40BADEE7}"
EndProject
Global
	GlobalSection(SolutionConfigurationPlatforms) = preSolution
		Debug|Any CPU = Debug|Any CPU
		Release|Any CPU = Release|Any CPU
	EndGlobalSection
	GlobalSection(ProjectConfigurationPlatforms) = postSolution
		{66C89E85-18D1-B66D-0090-F74747AE63AA}.Debug|Any CPU.ActiveCfg = Debug|Any CPU
		{66C89E85-18D1-B66D-0090-F74747AE63AA}.Debug|Any CPU.Build.0 = Debug|Any CPU
		{66C89E85-18D1-B66D-0090-F74747AE63AA}.Release|Any CPU.ActiveCfg = Release|Any CPU
		{66C89E85-18D1-B66D-0090-F74747AE63AA}.Release|Any CPU.Build.0 = Release|Any CPU
		{5821166F-20EB-A696-769A-BF05396B7570}.Debug|Any CPU.ActiveCfg = Debug|Any CPU
		{5821166F-20EB-A696-769A-BF05396B7570}.Debug|Any CPU.Build.0 = Debug|Any CPU
		{5821166F-20EB-A696-769A-BF05396B7570}.Release|Any CPU.ActiveCfg = Release|Any CPU
		{5821166F-20EB-A696-769A-BF05396B7570}.Release|Any CPU.Build.0 = Release|Any CPU
		{3A200024-DCDE-7368-61E8-9AF7EAA61FED}.Debug|Any CPU.ActiveCfg = Debug|Any CPU
		{3A200024-DCDE-7368-61E8-9AF7EAA61FED}.Debug|Any CPU.Build.0 = Debug|Any CPU
		{3A200024-DCDE-7368-61E8-9AF7EAA61FED}.Release|Any CPU.ActiveCfg = Release|Any CPU
		{3A200024-DCDE-7368-61E8-9AF7EAA61FED}.Release|Any CPU.Build.0 = Release|Any CPU
		{142912CC-AA50-2D1B-BB0D-3A6B40BADEE7}.Debug|Any CPU.ActiveCfg = Debug|Any CPU
		{142912CC-AA50-2D1B-BB0D-3A6B40BADEE7}.Debug|Any CPU.Build.0 = Debug|Any CPU
		{142912CC-AA50-2D1B-BB0D-3A6B40BADEE7}.Release|Any CPU.ActiveCfg = Release|Any CPU
		{142912CC-AA50-2D1B-BB0D-3A6B40BADEE7}.Release|Any CPU.Build.0 = Release|Any CPU
	EndGlobalSection
	GlobalSection(SolutionProperties) = preSolution
		HideSolutionNode = FALSE
	EndGlobalSection
	GlobalSection(MonoDevelopProperties) = preSolution
		StartupItem = Assembly-CSharp.csproj
	EndGlobalSection
EndGlobal
